# THIS IS AN AUTOGENERATED FILE. DO NOT EDIT THIS FILE DIRECTLY.
# yarn lockfile v1


"@colyseus/schema@^3.0.76":
  version "3.0.76"
  resolved "https://registry.yarnpkg.com/@colyseus/schema/-/schema-3.0.76.tgz#c816e4279d8afc5f64b540b72bdeb63551cd35b1"
  integrity sha512-i+ceBZyhB7lTn5+BoG/xxYfzW4dKKyLOywsGKVgXHe9fD905AS/Lk180jd1bICEJhebGeiRXEQ2YUPl/xwFg2g==
